# THIS IS AN AUTOGENERATED FILE. DO NOT EDIT THIS FILE DIRECTLY.
# yarn lockfile v1


"@aws-cdk/assets@1.118.0":
  version "1.118.0"
  resolved "https://registry.yarnpkg.com/@aws-cdk/assets/-/assets-1.118.0.tgz#87af37ee2e3dab7111be217dcfbebf87a6f91b96"
  integrity sha512-v8j4rTCt1tFIhbs11drJ3SSzo57VftO6/PjRCcYg3i1RmrroIiBGZxtb3VRUXS+un5GqVMEbevu3PamIghxINw==
  dependencies:
    "@aws-cdk/core" "1.118.0"
    "@aws-cdk/cx-api" "1.118.0"
    constructs "^3.3.69"

"@aws-cdk/aws-applicationautoscaling@1.118.0":
  version "1.118.0"
  resolved "https://registry.yarnpkg.com/@aws-cdk/aws-applicationautoscaling/-/aws-applicationautoscaling-1.118.0.tgz#e9e5b0cd9893624787488d0df09398eb8d0411f5"
  integrity sha512-ltaQHzLzhozT8IE0VLfzVdui1zWJpr5aBNZWKTiXldiHL174YrOMm6GZYvuFl3SdS7YYD4iUQEl9P9ElkxSJwA==
  dependencies:
    "@aws-cdk/aws-autoscaling-common" "1.118.0"
    "@aws-cdk/aws-cloudwatch" "1.118.0"
    "@aws-cdk/aws-iam" "1.118.0"
    "@aws-cdk/core" "1.118.0"
    constructs "^3.3.69"

"@aws-cdk/aws-autoscaling-common@1.118.0":
  version "1.118.0"
  resolved "https://registry.yarnpkg.com/@aws-cdk/aws-autoscaling-common/-/aws-autoscaling-common-1.118.0.tgz#72efd8f65de63c641bb619b941c57c60875cf4f2"
  integrity sha512-2mtoj4g7B3/6nYecjRk/qgvkdfhkDy4VMb7OLa6cJCwCEMwbGvJx3y6bLOcmWhX6JGwXmuKSVycxksXpdsS7Zg==
  dependencies:
    "@aws-cdk/aws-iam" "1.118.0"
    "@aws-cdk/core" "1.118.0"
    constructs "^3.3.69"

"@aws-cdk/aws-cloudformation@1.118.0":
  version "1.118.0"
  resolved "https://registry.yarnpkg.com/@aws-cdk/aws-cloudformation/-/aws-cloudformation-1.118.0.tgz#7b18dc77c153b2d5e3a9245fba7047d0086af545"
  integrity sha512-O2mACRUbGY3+pgbzbSa0OwTFdqTk/SqOwu9tZhKL0l8lSTkELc2YTMUCYsbkQFJD34sY1khbT6uJ5rA9udjQGA==
  dependencies:
    "@aws-cdk/aws-iam" "1.118.0"
    "@aws-cdk/aws-lambda" "1.118.0"
    "@aws-cdk/aws-s3" "1.118.0"
    "@aws-cdk/aws-sns" "1.118.0"
    "@aws-cdk/core" "1.118.0"
    "@aws-cdk/cx-api" "1.118.0"
    constructs "^3.3.69"

"@aws-cdk/aws-cloudwatch@1.118.0":
  version "1.118.0"
  resolved "https://registry.yarnpkg.com/@aws-cdk/aws-cloudwatch/-/aws-cloudwatch-1.118.0.tgz#50d18d8804360280a9198a09907bbee843549bd4"
  integrity sha512-VyrhQTVN0oEpjqs6SNvf/UzvQGWlDwJVyH8NGf6sFhtWMtgryHdTvM4UKp5o+a4DRicZjoAfZgG8VOqytcEMVg==
  dependencies:
    "@aws-cdk/aws-iam" "1.118.0"
    "@aws-cdk/core" "1.118.0"
    constructs "^3.3.69"

"@aws-cdk/aws-codeguruprofiler@1.118.0":
  version "1.118.0"
  resolved "https://registry.yarnpkg.com/@aws-cdk/aws-codeguruprofiler/-/aws-codeguruprofiler-1.118.0.tgz#f13929a88a28a21a8168aac0e4355f839d49c4c4"
  integrity sha512-bcq7f2n4ffIhYEjF02OhVqqmrdxTfZs/PsN68lMvd7my/cek9u0OcvY0l67VHwc9tnOYblUHCkaKGzyKfQou5A==
  dependencies:
    "@aws-cdk/aws-iam" "1.118.0"
    "@aws-cdk/core" "1.118.0"
    constructs "^3.3.69"

"@aws-cdk/aws-codestarnotifications@1.118.0":
  version "1.118.0"
  resolved "https://registry.yarnpkg.com/@aws-cdk/aws-codestarnotifications/-/aws-codestarnotifications-1.118.0.tgz#267d99c2628685baa6b038f7829da256dd99d3d2"
  integrity sha512-zKgVbpcAemCHNAGfuZh+HP18cPOfREowFlZMHQ+/RO7Rk2mG23N7iqdH2X+B/SQxUZ1gQ7AsDNvO8qeWmE4kXw==
  dependencies:
    "@aws-cdk/core" "1.118.0"
    constructs "^3.3.69"

"@aws-cdk/aws-dynamodb@^1.118.0":
  version "1.118.0"
  resolved "https://registry.yarnpkg.com/@aws-cdk/aws-dynamodb/-/aws-dynamodb-1.118.0.tgz#45d27f438e0b8fc8cd5634d690b26181fbeb81bb"
  integrity sha512-fQXcTdwoeL7cxo2YM8lf31+4LjcGuTXUBQdEJ4QoBAa+vv2MIUacVXOVIfXMJM4DUy6YTa5itPvtoJ0IpQDGQQ==
  dependencies:
    "@aws-cdk/aws-applicationautoscaling" "1.118.0"
    "@aws-cdk/aws-cloudwatch" "1.118.0"
    "@aws-cdk/aws-iam" "1.118.0"
    "@aws-cdk/aws-kinesis" "1.118.0"
    "@aws-cdk/aws-kms" "1.118.0"
    "@aws-cdk/aws-lambda" "1.118.0"
    "@aws-cdk/core" "1.118.0"
    "@aws-cdk/custom-resources" "1.118.0"
    constructs "^3.3.69"

"@aws-cdk/aws-ec2@1.118.0":
  version "1.118.0"
  resolved "https://registry.yarnpkg.com/@aws-cdk/aws-ec2/-/aws-ec2-1.118.0.tgz#d83753e4d7f18d86d1523a197d80e11c51086e36"
  integrity sha512-0QMvYZFZFPmOi2OipMzpuYbKZtli7H15p+kZtHu2p/q9c5+GVPLRoHd0DjEf52sX8pAlkWgzht+4J5myh/Xhmw==
  dependencies:
    "@aws-cdk/aws-cloudwatch" "1.118.0"
    "@aws-cdk/aws-iam" "1.118.0"
    "@aws-cdk/aws-kms" "1.118.0"
    "@aws-cdk/aws-logs" "1.118.0"
    "@aws-cdk/aws-s3" "1.118.0"
    "@aws-cdk/aws-s3-assets" "1.118.0"
    "@aws-cdk/aws-ssm" "1.118.0"
    "@aws-cdk/cloud-assembly-schema" "1.118.0"
    "@aws-cdk/core" "1.118.0"
    "@aws-cdk/cx-api" "1.118.0"
    "@aws-cdk/region-info" "1.118.0"
    constructs "^3.3.69"

"@aws-cdk/aws-ecr-assets@1.118.0":
  version "1.118.0"
  resolved "https://registry.yarnpkg.com/@aws-cdk/aws-ecr-assets/-/aws-ecr-assets-1.118.0.tgz#2091b5ebb2e3f66b6f8e439772d14a08f48e8b82"
  integrity sha512-2d4CGrduSnSdHJ1QzNYwt82jMBOr7ZbqbedMEsNHWoJAFG26Wi3t4k7Jx+mWUoy4VnvQwq4BlKYI1UrVdQf5/w==
  dependencies:
    "@aws-cdk/assets" "1.118.0"
    "@aws-cdk/aws-ecr" "1.118.0"
    "@aws-cdk/aws-iam" "1.118.0"
    "@aws-cdk/aws-s3" "1.118.0"
    "@aws-cdk/core" "1.118.0"
    "@aws-cdk/cx-api" "1.118.0"
    constructs "^3.3.69"
    minimatch "^3.0.4"

"@aws-cdk/aws-ecr@1.118.0":
  version "1.118.0"
  resolved "https://registry.yarnpkg.com/@aws-cdk/aws-ecr/-/aws-ecr-1.118.0.tgz#25f16b4e8dbd5816357bedb044e7af985936701a"
  integrity sha512-pxQ3vYG+mgB7v8luAxaWmZcy9marWvhWctzbPIwVUKlBly4I3ZL4PGUrx9sdjvDa/FQrBCMdoY8V6ZjDjDN5Dw==
  dependencies:
    "@aws-cdk/aws-events" "1.118.0"
    "@aws-cdk/aws-iam" "1.118.0"
    "@aws-cdk/core" "1.118.0"
    constructs "^3.3.69"

"@aws-cdk/aws-efs@1.118.0":
  version "1.118.0"
  resolved "https://registry.yarnpkg.com/@aws-cdk/aws-efs/-/aws-efs-1.118.0.tgz#4fb58686608eb91a7e8e0934ecc30997c5a423c1"
  integrity sha512-ej+Z8LkwS8bAkv4GhhnbJ4s9WD7bt8OjQx300cbV4cPM+IOJviFkt4RJXp6/jbLF6iq1KxT6m+8CNQVoRqsu4Q==
  dependencies:
    "@aws-cdk/aws-ec2" "1.118.0"
    "@aws-cdk/aws-iam" "1.118.0"
    "@aws-cdk/aws-kms" "1.118.0"
    "@aws-cdk/cloud-assembly-schema" "1.118.0"
    "@aws-cdk/core" "1.118.0"
    "@aws-cdk/cx-api" "1.118.0"
    constructs "^3.3.69"

"@aws-cdk/aws-events@1.118.0":
  version "1.118.0"
  resolved "https://registry.yarnpkg.com/@aws-cdk/aws-events/-/aws-events-1.118.0.tgz#d5e2a351bed1c39315fe3452be3337313c59fe35"
  integrity sha512-4/D4+BAYRXFBQ1XIHwDGf2Yn27lLTNeK/K57HGYZRiTEDqthwIPQP+bvUV3jJ246Yd6QUKYWbUMN0xbq6EkLHQ==
  dependencies:
    "@aws-cdk/aws-iam" "1.118.0"
    "@aws-cdk/core" "1.118.0"
    constructs "^3.3.69"

"@aws-cdk/aws-iam@1.118.0":
  version "1.118.0"
  resolved "https://registry.yarnpkg.com/@aws-cdk/aws-iam/-/aws-iam-1.118.0.tgz#ae2064bd4bcc97b498130238178a11be8fb9fd4e"
  integrity sha512-1AhnGWclYnZmuO/A5EY37atd/xYssC0EB/wzxQz/nwsSoKIKguTmNoK7ZWY/b2UJyqWFSSQII7DCVDT3P583jQ==
  dependencies:
    "@aws-cdk/core" "1.118.0"
    "@aws-cdk/region-info" "1.118.0"
    constructs "^3.3.69"

"@aws-cdk/aws-kinesis@1.118.0":
  version "1.118.0"
  resolved "https://registry.yarnpkg.com/@aws-cdk/aws-kinesis/-/aws-kinesis-1.118.0.tgz#3a68cbc442fea0b3f857def3f9afacac09d9e640"
  integrity sha512-een/6skCnLMBSmp0/HNss5LkqQzaNYJGlUrPdwW+jMFWs9MjAB5S8N9a3I2T+hvRfS/pBDLWp3aA8EB6SVxgYQ==
  dependencies:
    "@aws-cdk/aws-cloudwatch" "1.118.0"
    "@aws-cdk/aws-iam" "1.118.0"
    "@aws-cdk/aws-kms" "1.118.0"
    "@aws-cdk/aws-logs" "1.118.0"
    "@aws-cdk/core" "1.118.0"
    constructs "^3.3.69"

"@aws-cdk/aws-kms@1.118.0":
  version "1.118.0"
  resolved "https://registry.yarnpkg.com/@aws-cdk/aws-kms/-/aws-kms-1.118.0.tgz#4f72d0f32abbeba03b244840b1124cda1c2f4acb"
  integrity sha512-BrtkooxyKUDCQPPI8uheS/RYgBGNB6Dtoneky7DviotMcgLBgl7emHzi9K6H4p/ZjQqTpRqY0KGjximmS1BMjw==
  dependencies:
    "@aws-cdk/aws-iam" "1.118.0"
    "@aws-cdk/core" "1.118.0"
    "@aws-cdk/cx-api" "1.118.0"
    constructs "^3.3.69"

"@aws-cdk/aws-lambda@1.118.0":
  version "1.118.0"
  resolved "https://registry.yarnpkg.com/@aws-cdk/aws-lambda/-/aws-lambda-1.118.0.tgz#78b769a2c19ed31b4d01c09b40f4390b2c419396"
  integrity sha512-OfxFdRG3wVFSWfCktc0oHx7CnVOG+HUvA6QStrMWnlEBHE8aRR6zFSUK11CbuDe8/bLrJqs9N5QvOLWk7j2kRA==
  dependencies:
    "@aws-cdk/aws-applicationautoscaling" "1.118.0"
    "@aws-cdk/aws-cloudwatch" "1.118.0"
    "@aws-cdk/aws-codeguruprofiler" "1.118.0"
    "@aws-cdk/aws-ec2" "1.118.0"
    "@aws-cdk/aws-ecr" "1.118.0"
    "@aws-cdk/aws-ecr-assets" "1.118.0"
    "@aws-cdk/aws-efs" "1.118.0"
    "@aws-cdk/aws-events" "1.118.0"
    "@aws-cdk/aws-iam" "1.118.0"
    "@aws-cdk/aws-kms" "1.118.0"
    "@aws-cdk/aws-logs" "1.118.0"
    "@aws-cdk/aws-s3" "1.118.0"
    "@aws-cdk/aws-s3-assets" "1.118.0"
    "@aws-cdk/aws-signer" "1.118.0"
    "@aws-cdk/aws-sqs" "1.118.0"
    "@aws-cdk/core" "1.118.0"
    "@aws-cdk/cx-api" "1.118.0"
    "@aws-cdk/region-info" "1.118.0"
    constructs "^3.3.69"

"@aws-cdk/aws-logs@1.118.0":
  version "1.118.0"
  resolved "https://registry.yarnpkg.com/@aws-cdk/aws-logs/-/aws-logs-1.118.0.tgz#1a922cb82a70f7249444feb5a6c94b7b35e2dfcc"
  integrity sha512-lkmL49Z+p0uv2dSJvOoOteW917G/rq3AdG8DSG9uNu5A4YJBRhNZLmdddtCkwt6agS6/06k+NKt07qrro3vLZw==
  dependencies:
    "@aws-cdk/aws-cloudwatch" "1.118.0"
    "@aws-cdk/aws-iam" "1.118.0"
    "@aws-cdk/aws-kms" "1.118.0"
    "@aws-cdk/aws-s3-assets" "1.118.0"
    "@aws-cdk/core" "1.118.0"
    constructs "^3.3.69"

"@aws-cdk/aws-s3-assets@1.118.0":
  version "1.118.0"
  resolved "https://registry.yarnpkg.com/@aws-cdk/aws-s3-assets/-/aws-s3-assets-1.118.0.tgz#d4dbda5aa725e8b2d88f23315d5cbfd95099b045"
  integrity sha512-E4Oa5YEsusZBSzdnFtHNeJbGALCvMxfm1tBVxqYhvt6+e61eCc12m3fsCkwwaye1fGTQmYaTr1l4Ft9/psXnPQ==
  dependencies:
    "@aws-cdk/assets" "1.118.0"
    "@aws-cdk/aws-iam" "1.118.0"
    "@aws-cdk/aws-kms" "1.118.0"
    "@aws-cdk/aws-s3" "1.118.0"
    "@aws-cdk/core" "1.118.0"
    "@aws-cdk/cx-api" "1.118.0"
    constructs "^3.3.69"

"@aws-cdk/aws-s3@1.118.0":
  version "1.118.0"
  resolved "https://registry.yarnpkg.com/@aws-cdk/aws-s3/-/aws-s3-1.118.0.tgz#4251f300bb099e678a95a603617ad49ea145a037"
  integrity sha512-fjhqb+d0uCsJtByKRFU/If2mg3qTqEfKfbamhDfmPyeDGxUoaJnAh5CNv1cSE5otdOeQGKozhCqlK45eK2FrPg==
  dependencies:
    "@aws-cdk/aws-events" "1.118.0"
    "@aws-cdk/aws-iam" "1.118.0"
    "@aws-cdk/aws-kms" "1.118.0"
    "@aws-cdk/core" "1.118.0"
    "@aws-cdk/cx-api" "1.118.0"
    constructs "^3.3.69"

"@aws-cdk/aws-signer@1.118.0":
  version "1.118.0"
  resolved "https://registry.yarnpkg.com/@aws-cdk/aws-signer/-/aws-signer-1.118.0.tgz#03adb72cea6d64d961f5d86c1926779e5aa36dcc"
  integrity sha512-0rZTTRbNzpBBhb8xTQeHXQgRGhcJeYCvUsxb2rOElRW0mlCD0//QdtG5QhMi+3BrYe5Lu6BAPZBgBh+Sd1o6Bw==
  dependencies:
    "@aws-cdk/core" "1.118.0"
    constructs "^3.3.69"

"@aws-cdk/aws-sns@1.118.0":
  version "1.118.0"
  resolved "https://registry.yarnpkg.com/@aws-cdk/aws-sns/-/aws-sns-1.118.0.tgz#0a15a6f7669e31a6a90c243a758acd1fa20c2ebe"
  integrity sha512-wKSgTqMltWJo7DSsDIiCAvNyOLN28vn/BqG6e+mFcHGZapduUb1pjqvMwH9LOs+Lj9NcWsRSn+bjYEV1+cN3Zg==
  dependencies:
    "@aws-cdk/aws-cloudwatch" "1.118.0"
    "@aws-cdk/aws-codestarnotifications" "1.118.0"
    "@aws-cdk/aws-events" "1.118.0"
    "@aws-cdk/aws-iam" "1.118.0"
    "@aws-cdk/aws-kms" "1.118.0"
    "@aws-cdk/aws-sqs" "1.118.0"
    "@aws-cdk/core" "1.118.0"
    constructs "^3.3.69"

"@aws-cdk/aws-sqs@1.118.0":
  version "1.118.0"
  resolved "https://registry.yarnpkg.com/@aws-cdk/aws-sqs/-/aws-sqs-1.118.0.tgz#6879532775625e17224d0dd1cd9e40b9f533b90e"
  integrity sha512-4QPA/kNS73L5si3t3P42V7ctDp1fOzKPluF8MSD9Bgvkb2k5HBTpW/KjTONNrJaMSBUE01uZ+cPkIwgnNSf2dA==
  dependencies:
    "@aws-cdk/aws-cloudwatch" "1.118.0"
    "@aws-cdk/aws-iam" "1.118.0"
    "@aws-cdk/aws-kms" "1.118.0"
    "@aws-cdk/core" "1.118.0"
    constructs "^3.3.69"

"@aws-cdk/aws-ssm@1.118.0":
  version "1.118.0"
  resolved "https://registry.yarnpkg.com/@aws-cdk/aws-ssm/-/aws-ssm-1.118.0.tgz#d09086d88a5b0b10614e372e12b478630e8cc513"
  integrity sha512-AUoCWjvCrWpF0K4pE2JHmb/ktr6W3u01OcGs8N5gPBlhXU8kBci4GJ0jH6T3TQ8RMZzNoNEJmrM/sw1jY7h1Cw==
  dependencies:
    "@aws-cdk/aws-iam" "1.118.0"
    "@aws-cdk/aws-kms" "1.118.0"
    "@aws-cdk/cloud-assembly-schema" "1.118.0"
    "@aws-cdk/core" "1.118.0"
    constructs "^3.3.69"

"@aws-cdk/cloud-assembly-schema@1.118.0":
  version "1.118.0"
  resolved "https://registry.yarnpkg.com/@aws-cdk/cloud-assembly-schema/-/cloud-assembly-schema-1.118.0.tgz#768fe56a61daace0d360cc548993016f21492b7c"
  integrity sha512-Bmxftbl/SScafJJio2+hQiNdPqvydouzqGtW9xdtL0/T8m5pi7nmV4PG+wCafPGEJA66A56b5CGk/svL/CSj4g==
  dependencies:
    jsonschema "^1.4.0"
    semver "^7.3.5"

"@aws-cdk/core@1.118.0":
  version "1.118.0"
  resolved "https://registry.yarnpkg.com/@aws-cdk/core/-/core-1.118.0.tgz#e3e66b67f6b3ccdc806f23c0135d7060f79a393a"
  integrity sha512-AYUMUn2S05YrbpBkd7YfwzAT0zCAUdLFq1KUpg9y/pWpqGX883/JSQmT6ygoXxE5gVCaziUxpFxToFWE96SE/g==
  dependencies:
    "@aws-cdk/cloud-assembly-schema" "1.118.0"
    "@aws-cdk/cx-api" "1.118.0"
    "@aws-cdk/region-info" "1.118.0"
    "@balena/dockerignore" "^1.0.2"
    constructs "^3.3.69"
    fs-extra "^9.1.0"
    ignore "^5.1.8"
    minimatch "^3.0.4"

"@aws-cdk/custom-resources@1.118.0":
  version "1.118.0"
  resolved "https://registry.yarnpkg.com/@aws-cdk/custom-resources/-/custom-resources-1.118.0.tgz#34b6def4f11f6ca36e0a2e4c7d4de6828f5d806f"
  integrity sha512-0IHQjarO51++d/V/9nBxo3AV+wCeUmL669RPMwScSm92vymtBoNa3SZ/YbAGqOnWkdzpeZsAD+zWU8ShcMxl/g==
  dependencies:
    "@aws-cdk/aws-cloudformation" "1.118.0"
    "@aws-cdk/aws-ec2" "1.118.0"
    "@aws-cdk/aws-iam" "1.118.0"
    "@aws-cdk/aws-lambda" "1.118.0"
    "@aws-cdk/aws-logs" "1.118.0"
    "@aws-cdk/aws-sns" "1.118.0"
    "@aws-cdk/core" "1.118.0"
    constructs "^3.3.69"

"@aws-cdk/cx-api@1.118.0":
  version "1.118.0"
  resolved "https://registry.yarnpkg.com/@aws-cdk/cx-api/-/cx-api-1.118.0.tgz#918eaa70cd9c013774aee5616b2b5b79c037b2a4"
  integrity sha512-pNeuxHPmJjUvLIr89J4uMt8c2JkiuclgZ1JBilot+dFD8GAb0RhxhtfSnA3scOB/Lnnd0Qf4UQhKsd5vqEdqAA==
  dependencies:
    "@aws-cdk/cloud-assembly-schema" "1.118.0"
    semver "^7.3.5"

"@aws-cdk/region-info@1.118.0":
  version "1.118.0"
  resolved "https://registry.yarnpkg.com/@aws-cdk/region-info/-/region-info-1.118.0.tgz#a6e127c3723a7edea85c3df0031a06d132b870e0"
  integrity sha512-7hudA/zfCsDw0DIDu/Cc4+UJjW6aC0y4Mp7AmxlxkziXIEZi3KvSXwR2IBmKV+pSWMvMZYTiPJIgLLqB+moFgQ==

"@balena/dockerignore@^1.0.2":
  version "1.0.2"
  resolved "https://registry.yarnpkg.com/@balena/dockerignore/-/dockerignore-1.0.2.tgz#9ffe4726915251e8eb69f44ef3547e0da2c03e0d"
  integrity sha512-wMue2Sy4GAVTk6Ic4tJVcnfdau+gx2EnG7S+uAEe+TWJFqE4YoWN4/H8MSLj4eYJKxGg26lZwboEniNiNwZQ6Q==

"@types/node@^16.6.1":
  version "16.6.1"
  resolved "https://registry.yarnpkg.com/@types/node/-/node-16.6.1.tgz#aee62c7b966f55fc66c7b6dfa1d58db2a616da61"
  integrity sha512-Sr7BhXEAer9xyGuCN3Ek9eg9xPviCF2gfu9kTfuU2HkTVAMYSDeX40fvpmo72n5nansg3nsBjuQBrsS28r+NUw==

at-least-node@^1.0.0:
  version "1.0.0"
  resolved "https://registry.yarnpkg.com/at-least-node/-/at-least-node-1.0.0.tgz#602cd4b46e844ad4effc92a8011a3c46e0238dc2"
  integrity sha512-+q/t7Ekv1EDY2l6Gda6LLiX14rU9TV20Wa3ofeQmwPFZbOMo9DXrLbOjFaaclkXKWidIaopwAObQDqwWtGUjqg==

balanced-match@^1.0.0:
  version "1.0.2"
  resolved "https://registry.yarnpkg.com/balanced-match/-/balanced-match-1.0.2.tgz#e83e3a7e3f300b34cb9d87f615fa0cbf357690ee"
  integrity sha512-3oSeUO0TMV67hN1AmbXsK4yaqU7tjiHlbxRDZOpH0KW9+CeX4bRAaX0Anxt0tx2MrpRpWwQaPwIlISEJhYU5Pw==

brace-expansion@^1.1.7:
  version "1.1.11"
  resolved "https://registry.yarnpkg.com/brace-expansion/-/brace-expansion-1.1.11.tgz#3c7fcbf529d87226f3d2f52b966ff5271eb441dd"
  integrity sha512-iCuPHDFgrHX7H2vEI/5xpz07zSHB00TpugqhmYtVmMO6518mCuRMoOYFldEBl0g187ufozdaHgWKcYFb61qGiA==
  dependencies:
    balanced-match "^1.0.0"
    concat-map "0.0.1"

concat-map@0.0.1:
  version "0.0.1"
  resolved "https://registry.yarnpkg.com/concat-map/-/concat-map-0.0.1.tgz#d8a96bd77fd68df7793a73036a3ba0d5405d477b"
  integrity sha1-2Klr13/Wjfd5OnMDajug1UBdR3s=

constructs@^3.3.69:
  version "3.3.124"
  resolved "https://registry.yarnpkg.com/constructs/-/constructs-3.3.124.tgz#f8b2b939f92643c1145e8b21408494461d712c5f"
  integrity sha512-Jj/I48WUvCUudNOJYslOXCFgPK+rg8x0JQdUpfUHh1YA2/uE9LheTHgm+yMg9BGlrfgulAUIc8bg3eUJlVNK0g==

fs-extra@^9.1.0:
  version "9.1.0"
  resolved "https://registry.yarnpkg.com/fs-extra/-/fs-extra-9.1.0.tgz#5954460c764a8da2094ba3554bf839e6b9a7c86d"
  integrity sha512-hcg3ZmepS30/7BSFqRvoo3DOMQu7IjqxO5nCDt+zM9XWjb33Wg7ziNT+Qvqbuc3+gWpzO02JubVyk2G4Zvo1OQ==
  dependencies:
    at-least-node "^1.0.0"
    graceful-fs "^4.2.0"
    jsonfile "^6.0.1"
    universalify "^2.0.0"

graceful-fs@^4.1.6, graceful-fs@^4.2.0:
  version "4.2.8"
  resolved "https://registry.yarnpkg.com/graceful-fs/-/graceful-fs-4.2.8.tgz#e412b8d33f5e006593cbd3cee6df9f2cebbe802a"
  integrity sha512-qkIilPUYcNhJpd33n0GBXTB1MMPp14TxEsEs0pTrsSVucApsYzW5V+Q8Qxhik6KU3evy+qkAAowTByymK0avdg==

ignore@^5.1.8:
  version "5.1.8"
  resolved "https://registry.yarnpkg.com/ignore/-/ignore-5.1.8.tgz#f150a8b50a34289b33e22f5889abd4d8016f0e57"
  integrity sha512-BMpfD7PpiETpBl/A6S498BaIJ6Y/ABT93ETbby2fP00v4EbvPBXWEoaR1UBPKs3iR53pJY7EtZk5KACI57i1Uw==

jsonfile@^6.0.1:
  version "6.1.0"
  resolved "https://registry.yarnpkg.com/jsonfile/-/jsonfile-6.1.0.tgz#bc55b2634793c679ec6403094eb13698a6ec0aae"
  integrity sha512-5dgndWOriYSm5cnYaJNhalLNDKOqFwyDB/rr1E9ZsGciGvKPs8R2xYGCacuf3z6K1YKDz182fd+fY3cn3pMqXQ==
  dependencies:
    universalify "^2.0.0"
  optionalDependencies:
    graceful-fs "^4.1.6"

jsonschema@^1.4.0:
  version "1.4.0"
  resolved "https://registry.yarnpkg.com/jsonschema/-/jsonschema-1.4.0.tgz#1afa34c4bc22190d8e42271ec17ac8b3404f87b2"
  integrity sha512-/YgW6pRMr6M7C+4o8kS+B/2myEpHCrxO4PEWnqJNBFMjn7EWXqlQ4tGwL6xTHeRplwuZmcAncdvfOad1nT2yMw==

lru-cache@^6.0.0:
  version "6.0.0"
  resolved "https://registry.yarnpkg.com/lru-cache/-/lru-cache-6.0.0.tgz#6d6fe6570ebd96aaf90fcad1dafa3b2566db3a94"
  integrity sha512-Jo6dJ04CmSjuznwJSS3pUeWmd/H0ffTlkXXgwZi+eq1UCmqQwCh+eLsYOYCwY991i2Fah4h1BEMCx4qThGbsiA==
  dependencies:
    yallist "^4.0.0"

minimatch@^3.0.4:
  version "3.0.4"
  resolved "https://registry.yarnpkg.com/minimatch/-/minimatch-3.0.4.tgz#5166e286457f03306064be5497e8dbb0c3d32083"
  integrity sha512-yJHVQEhyqPLUTgt9B83PXu6W3rx4MvvHvSUvToogpwoGDOUQ+yDrR0HRot+yOCdCO7u4hX3pWft6kWBBcqh0UA==
  dependencies:
    brace-expansion "^1.1.7"

semver@^7.3.5:
  version "7.3.5"
  resolved "https://registry.yarnpkg.com/semver/-/semver-7.3.5.tgz#0b621c879348d8998e4b0e4be94b3f12e6018ef7"
  integrity sha512-PoeGJYh8HK4BTO/a9Tf6ZG3veo/A7ZVsYrSA6J8ny9nb3B1VrpkuN+z9OE5wfE5p6H4LchYZsegiQgbJD94ZFQ==
  dependencies:
    lru-cache "^6.0.0"

typescript@^4.3.5:
  version "4.3.5"
  resolved "https://registry.yarnpkg.com/typescript/-/typescript-4.3.5.tgz#4d1c37cc16e893973c45a06886b7113234f119f4"
  integrity sha512-DqQgihaQ9cUrskJo9kIyW/+g0Vxsk8cDtZ52a3NGh0YNTfpUSArXSohyUGnvbPazEPLu398C0UxmKSOrPumUzA==

universalify@^2.0.0:
  version "2.0.0"
  resolved "https://registry.yarnpkg.com/universalify/-/universalify-2.0.0.tgz#75a4984efedc4b08975c5aeb73f530d02df25717"
  integrity sha512-hAZsKq7Yy11Zu1DE0OzWjw7nnLZmJZYTDZZyEFHZdUhV8FkH5MCfoU1XMaxXovpyW5nq5scPqq0ZDP9Zyl04oQ==

yallist@^4.0.0:
  version "4.0.0"
  resolved "https://registry.yarnpkg.com/yallist/-/yallist-4.0.0.tgz#9bb92790d9c0effec63be73519e11a35019a3a72"
  integrity sha512-3wdGidZyq5PB084XLES5TpOSRA3wjXAlIWMhum2kRcv/41Sn2emQ0dycQW4uZXLejwKvg6EsvbdlVL+FYEct7A==
